PODS:
  - Alamofire (4.7.0)
  - AlamofireObjectMapper (5.2.0):
    - Alamofire (~> 4.7)
    - ObjectMapper (~> 3.4)
  - BWWalkthrough (2.1.2)
  - CryptoSwift (0.13.1)
  - FLEX (2.4.0)
  - GIFGenerator (0.3.0)
  - Kingfisher (4.6.0)
  - NVActivityIndicatorView (4.2.1):
    - NVActivityIndicatorView/Presenter (= 4.2.1)
  - NVActivityIndicatorView/Presenter (4.2.1)
  - ObjectMapper (3.4.1)
  - PagingView (0.5.1)
  - SideMenu (3.1.5)

DEPENDENCIES:
  - Alamofire (= 4.7.0)
  - AlamofireObjectMapper (= 5.2.0)
  - BWWalkthrough (= 2.1.2)
  - CryptoSwift (= 0.13.1)
  - FLEX (= 2.4.0)
  - GIFGenerator
  - Kingfisher (= 4.6.0)
  - NVActivityIndicatorView (= 4.2.1)
  - ObjectMapper (= 3.4.1)
  - PagingView (= 0.5.1)
  - SideMenu (= 3.1.5)

SPEC REPOS:
  https://github.com/CocoaPods/Specs.git:
    - Alamofire
    - AlamofireObjectMapper
    - BWWalkthrough
    - CryptoSwift
    - FLEX
    - GIFGenerator
    - Kingfisher
    - NVActivityIndicatorView
    - ObjectMapper
    - PagingView
    - SideMenu

SPEC CHECKSUMS:
  Alamofire: 907e0a98eb68cdb7f9d1f541a563d6ac5dc77b25
  AlamofireObjectMapper: 92b6ce2423a9d159e686f6a1d514a009bf903ddc
  BWWalkthrough: 6b18dc688ff6b7168383fee07fe199ccaad7e9f7
  CryptoSwift: ff68c35a53e03177d31aaa2c1e8b3e010aeed6cb
  FLEX: bd1a39e55b56bb413b6f1b34b3c10a0dc44ef079
  GIFGenerator: abd0770077d06db09cff015c7cf696fd36d5ad74
  Kingfisher: 1ea13a1b18297ae8afa0965e83ecdb68e1b71987
  NVActivityIndicatorView: 8068ba3ad39cb44cbaab25d89ff2546b3f092681
  ObjectMapper: 5311bd50ca732930959e7ca1a2de43ab823a5ced
  PagingView: ec5169226d2bf17284192f2e0a4c2598f03083fc
  SideMenu: 47dbf9e4d878062d8994aed43f6e4bf6c1fea30b

PODFILE CHECKSUM: ede91bc2193e5965602a85602888505fc7df6a39

COCOAPODS: 1.5.0
